
Microsoft Visual Studio Solution File, Format Version 12.00
Project("{FAE04EC0-301F-11D3-BF4B-00C04F79EFBC}") = "COMP003A.LectureActivity4-2", "COMP003A.LectureActivity4-2\COMP003A.LectureActivity4-2.csproj", "{DE0BEABF-6567-41DC-BCBD-35C8495CCC39}"
EndProject
Global
	GlobalSection(SolutionConfigurationPlatforms) = preSolution
		Debug|Any CPU = Debug|Any CPU
		Release|Any CPU = Release|Any CPU
	EndGlobalSection
	GlobalSection(ProjectConfigurationPlatforms) = postSolution
		{DE0BEABF-6567-41DC-BCBD-35C8495CCC39}.Debug|Any CPU.ActiveCfg = Debug|Any CPU
		{DE0BEABF-6567-41DC-BCBD-35C8495CCC39}.Debug|Any CPU.Build.0 = Debug|Any CPU
		{DE0BEABF-6567-41DC-BCBD-35C8495CCC39}.Release|Any CPU.ActiveCfg = Release|Any CPU
		{DE0BEABF-6567-41DC-BCBD-35C8495CCC39}.Release|Any CPU.Build.0 = Release|Any CPU
	EndGlobalSection
EndGlobal
